
Microsoft Visual Studio Solution File, Format Version 12.00
# Visual Studio 15
VisualStudioVersion = 15.0.27004.2006
MinimumVisualStudioVersion = 10.0.40219.1
Project("{FAE04EC0-301F-11D3-BF4B-00C04F79EFBC}") = "ReversiWpf", "ReversiWpf\ReversiWpf.csproj", "{35565DD6-0C0A-4F09-9310-35B07428970F}"
EndProject
Global
	GlobalSection(SolutionConfigurationPlatforms) = preSolution
		Debug|Any CPU = Debug|Any CPU
		Release|Any CPU = Release|Any CPU
	EndGlobalSection
	GlobalSection(ProjectConfigurationPlatforms) = postSolution
		{35565DD6-0C0A-4F09-9310-35B07428970F}.Debug|Any CPU.ActiveCfg = Debug|Any CPU
		{35565DD6-0C0A-4F09-9310-35B07428970F}.Debug|Any CPU.Build.0 = Debug|Any CPU
		{35565DD6-0C0A-4F09-9310-35B07428970F}.Release|Any CPU.ActiveCfg = Release|Any CPU
		{35565DD6-0C0A-4F09-9310-35B07428970F}.Release|Any CPU.Build.0 = Release|Any CPU
	EndGlobalSection
	GlobalSection(SolutionProperties) = preSolution
		HideSolutionNode = FALSE
	EndGlobalSection
	GlobalSection(ExtensibilityGlobals) = postSolution
		SolutionGuid = {A7124573-9D9C-4972-946D-C9AAE01D4F23}
	EndGlobalSection
EndGlobal
